{
  "version": 4,
  "terraform_version": "1.6.6",
  "serial": 15,
  "lineage": "71ebba9e-4ea4-f2d8-9782-c07f91fd0ba0",
  "outputs": {
    "devops_op_trainer": {
      "value": "yes",
      "type": "string"
    }
  },
  "resources": [
    {
      "mode": "managed",
      "type": "local_file",
      "name": "devops",
      "provider": "provider[\"registry.terraform.io/hashicorp/local\"]",
      "instances": [
        {
          "schema_version": 0,
          "attributes": {
            "content": "This is a content of Docker",
            "content_base64": null,
            "content_base64sha256": "qwNc+GOiUbbQniKZmbiUZBPrjGCCxWocJ/3pdmLDYEI=",
            "content_base64sha512": "8i7gdWSWKXiNZj77ngOjmEeIUEsfwftPxyUqXzXc5kdsIhvdaUxFXHeUHtleMjWtsB9smbR3iG52e54TS25CYA==",
            "content_md5": "c059ba7a4ed13138bc6e374b1e5b7965",
            "content_sha1": "6df9fb3faa8a364ba5726963b8e335032d2258d9",
            "content_sha256": "ab035cf863a251b6d09e229999b8946413eb8c6082c56a1c27fde97662c36042",
            "content_sha512": "f22ee075649629788d663efb9e03a3984788504b1fc1fb4fc7252a5f35dce6476c221bdd694c455c77941ed95e3235adb01f6c99b477886e767b9e134b6e4260",
            "directory_permission": "0777",
            "file_permission": "0777",
            "filename": "/home/ubuntu/terraform-course/terraform-variables/file_1.txt",
            "id": "6df9fb3faa8a364ba5726963b8e335032d2258d9",
            "sensitive_content": null,
            "source": null
          },
          "sensitive_attributes": []
        }
      ]
    },
    {
      "mode": "managed",
      "type": "local_file",
      "name": "devops-var",
      "provider": "provider[\"registry.terraform.io/hashicorp/local\"]",
      "instances": [
        {
          "schema_version": 0,
          "attributes": {
            "content": "This is a content of Kubernetes",
            "content_base64": null,
            "content_base64sha256": "FSlnO3+AkMUf+yH01RbCTHDyyRBwrTsVxv907AC4Pe0=",
            "content_base64sha512": "GvUX8RItD8iX8wiG8nwd6nbWOHRf+iK+6drdYS2GNlbDm5G+/gxTvEJVaY6YPzMS02DiUpptv88Q6vj9exss4w==",
            "content_md5": "7cfd3d8aa6c803da2d06bc784bc0c405",
            "content_sha1": "2ddb9a59cc6d31f37fe828a138ccaf3d3d5ab578",
            "content_sha256": "1529673b7f8090c51ffb21f4d516c24c70f2c91070ad3b15c6ff74ec00b83ded",
            "content_sha512": "1af517f1122d0fc897f30886f27c1dea76d638745ffa22bee9dadd612d863656c39b91befe0c53bc4255698e983f3312d360e2529a6dbfcf10eaf8fd7b1b2ce3",
            "directory_permission": "0777",
            "file_permission": "0777",
            "filename": "/home/ubuntu/terraform-course/terraform-variables/file_2.txt",
            "id": "2ddb9a59cc6d31f37fe828a138ccaf3d3d5ab578",
            "sensitive_content": null,
            "source": null
          },
          "sensitive_attributes": []
        }
      ]
    }
  ],
  "check_results": null
}
